// !$*UTF8*$!
{
	archiveVersion = 1;
	classes = {
	};
	objectVersion = 51;
	objects = {

/* Begin PBXBuildFile section */
		6C6977D7DBFFEA84C7BA54E3 /* Pods_Petmily_ios.framework in Frameworks */ = {isa = PBXBuildFile; fileRef = 82EE009CC6F78DAD7E5AE723 /* Pods_Petmily_ios.framework */; };
		701DBD2925459F9E0057C8D9 /* NewAccountStep4Controller.swift in Sources */ = {isa = PBXBuildFile; fileRef = 701DBD2825459F9E0057C8D9 /* NewAccountStep4Controller.swift */; };
		701DBD2C2545A47B0057C8D9 /* NewAccountStep5Controller.swift in Sources */ = {isa = PBXBuildFile; fileRef = 701DBD2B2545A47B0057C8D9 /* NewAccountStep5Controller.swift */; };
		701DBD302545AD880057C8D9 /* constants.swift in Sources */ = {isa = PBXBuildFile; fileRef = 701DBD2F2545AD880057C8D9 /* constants.swift */; };
		701DBD342545B7810057C8D9 /* LoadingView.swift in Sources */ = {isa = PBXBuildFile; fileRef = 701DBD332545B7810057C8D9 /* LoadingView.swift */; };
		706A1516254574B60050C0C8 /* AuthService.swift in Sources */ = {isa = PBXBuildFile; fileRef = 706A1515254574B60050C0C8 /* AuthService.swift */; };
		706A1519254577690050C0C8 /* UserModel.swift in Sources */ = {isa = PBXBuildFile; fileRef = 706A1518254577690050C0C8 /* UserModel.swift */; };
		706A151C25457F350050C0C8 /* NewAccountStep3Controller.swift in Sources */ = {isa = PBXBuildFile; fileRef = 706A151B25457F350050C0C8 /* NewAccountStep3Controller.swift */; };
		706C5C2F2544816600A2FA96 /* Extensions.swift in Sources */ = {isa = PBXBuildFile; fileRef = 706C5C2E2544816600A2FA96 /* Extensions.swift */; };
		706C5C34254481D000A2FA96 /* LoginController.swift in Sources */ = {isa = PBXBuildFile; fileRef = 706C5C33254481D000A2FA96 /* LoginController.swift */; };
		706C5C382544829400A2FA96 /* LocalData.swift in Sources */ = {isa = PBXBuildFile; fileRef = 706C5C372544829400A2FA96 /* LocalData.swift */; };
		706C5C422544874000A2FA96 /* Utilities.swift in Sources */ = {isa = PBXBuildFile; fileRef = 706C5C412544874000A2FA96 /* Utilities.swift */; };
		706C5C45254488D300A2FA96 /* TextContainer.swift in Sources */ = {isa = PBXBuildFile; fileRef = 706C5C44254488D300A2FA96 /* TextContainer.swift */; };
		706C5C492544910300A2FA96 /* NewAccountStep1Controller.swift in Sources */ = {isa = PBXBuildFile; fileRef = 706C5C482544910300A2FA96 /* NewAccountStep1Controller.swift */; };
		7079A3C9254C934C001A18FF /* GoogleService-Info.plist in Resources */ = {isa = PBXBuildFile; fileRef = 7079A3C8254C934C001A18FF /* GoogleService-Info.plist */; };
		7079A42D254C96A7001A18FF /* FileService.swift in Sources */ = {isa = PBXBuildFile; fileRef = 7079A42C254C96A7001A18FF /* FileService.swift */; };
		7079A48F254CA557001A18FF /* Root.swift in Sources */ = {isa = PBXBuildFile; fileRef = 7079A48E254CA557001A18FF /* Root.swift */; };
		7093E8C32545485E00B46B86 /* NewAccountStep2Controller.swift in Sources */ = {isa = PBXBuildFile; fileRef = 7093E8C22545485E00B46B86 /* NewAccountStep2Controller.swift */; };
		70996B6E254D679E001A02D0 /* NotYetPet.swift in Sources */ = {isa = PBXBuildFile; fileRef = 70996B6D254D679E001A02D0 /* NotYetPet.swift */; };
		70B3E465254D4CFB009461A3 /* PresaleOfAnimalsController.swift in Sources */ = {isa = PBXBuildFile; fileRef = 70B3E464254D4CFB009461A3 /* PresaleOfAnimalsController.swift */; };
		70B3E469254D4D32009461A3 /* LostAnimalsController.swift in Sources */ = {isa = PBXBuildFile; fileRef = 70B3E468254D4D32009461A3 /* LostAnimalsController.swift */; };
		70B3E46C254D4D65009461A3 /* PetController.swift in Sources */ = {isa = PBXBuildFile; fileRef = 70B3E46B254D4D65009461A3 /* PetController.swift */; };
		70B3E46F254D4D9A009461A3 /* ChatController.swift in Sources */ = {isa = PBXBuildFile; fileRef = 70B3E46E254D4D9A009461A3 /* ChatController.swift */; };
		70B4F93725447CF7005CE631 /* AppDelegate.swift in Sources */ = {isa = PBXBuildFile; fileRef = 70B4F93625447CF7005CE631 /* AppDelegate.swift */; };
		70B4F93925447CF7005CE631 /* SceneDelegate.swift in Sources */ = {isa = PBXBuildFile; fileRef = 70B4F93825447CF7005CE631 /* SceneDelegate.swift */; };
		70B4F93B25447CF7005CE631 /* ViewController.swift in Sources */ = {isa = PBXBuildFile; fileRef = 70B4F93A25447CF7005CE631 /* ViewController.swift */; };
		70B4F93E25447CF7005CE631 /* Main.storyboard in Resources */ = {isa = PBXBuildFile; fileRef = 70B4F93C25447CF7005CE631 /* Main.storyboard */; };
		70B4F94025447CFA005CE631 /* Assets.xcassets in Resources */ = {isa = PBXBuildFile; fileRef = 70B4F93F25447CFA005CE631 /* Assets.xcassets */; };
		70B4F94325447CFA005CE631 /* LaunchScreen.storyboard in Resources */ = {isa = PBXBuildFile; fileRef = 70B4F94125447CFA005CE631 /* LaunchScreen.storyboard */; };
		70B4F94D25447E07005CE631 /* RootController.swift in Sources */ = {isa = PBXBuildFile; fileRef = 70B4F94C25447E07005CE631 /* RootController.swift */; };
		70B4F95225447E57005CE631 /* Properties.swift in Sources */ = {isa = PBXBuildFile; fileRef = 70B4F95125447E57005CE631 /* Properties.swift */; };
		70DD78F3254DAAB900168C82 /* PetRegisterViewController.swift in Sources */ = {isa = PBXBuildFile; fileRef = 70DD78F2254DAAB900168C82 /* PetRegisterViewController.swift */; };
		70DD78F6254DAC0D00168C82 /* TouchableUIImageView.swift in Sources */ = {isa = PBXBuildFile; fileRef = 70DD78F5254DAC0D00168C82 /* TouchableUIImageView.swift */; };
		70DD78FE254DB85E00168C82 /* ViewMaker.swift in Sources */ = {isa = PBXBuildFile; fileRef = 70DD78FD254DB85E00168C82 /* ViewMaker.swift */; };
		70DD7901254DC57100168C82 /* ViewContainerWithImageIconAndUnderline.swift in Sources */ = {isa = PBXBuildFile; fileRef = 70DD7900254DC57100168C82 /* ViewContainerWithImageIconAndUnderline.swift */; };
		70EE69FE2544B3B500C40970 /* VerificationService.swift in Sources */ = {isa = PBXBuildFile; fileRef = 70EE69FD2544B3B500C40970 /* VerificationService.swift */; };
		70EE6A022544B89F00C40970 /* VerificationModel.swift in Sources */ = {isa = PBXBuildFile; fileRef = 70EE6A012544B89F00C40970 /* VerificationModel.swift */; };
		70F248692549BE6500716A93 /* NewAccountStep6Controller.swift in Sources */ = {isa = PBXBuildFile; fileRef = 70F248682549BE6500716A93 /* NewAccountStep6Controller.swift */; };
/* End PBXBuildFile section */

/* Begin PBXFileReference section */
		2ADC32B249E1360650B74E62 /* Pods-Petmily-ios.debug.xcconfig */ = {isa = PBXFileReference; includeInIndex = 1; lastKnownFileType = text.xcconfig; name = "Pods-Petmily-ios.debug.xcconfig"; path = "Target Support Files/Pods-Petmily-ios/Pods-Petmily-ios.debug.xcconfig"; sourceTree = "<group>"; };
		53C6A43F359C423EA4A4FFBA /* Pods-Petmily-ios.release.xcconfig */ = {isa = PBXFileReference; includeInIndex = 1; lastKnownFileType = text.xcconfig; name = "Pods-Petmily-ios.release.xcconfig"; path = "Target Support Files/Pods-Petmily-ios/Pods-Petmily-ios.release.xcconfig"; sourceTree = "<group>"; };
		701DBD2825459F9E0057C8D9 /* NewAccountStep4Controller.swift */ = {isa = PBXFileReference; lastKnownFileType = sourcecode.swift; path = NewAccountStep4Controller.swift; sourceTree = "<group>"; };
		701DBD2B2545A47B0057C8D9 /* NewAccountStep5Controller.swift */ = {isa = PBXFileReference; lastKnownFileType = sourcecode.swift; path = NewAccountStep5Controller.swift; sourceTree = "<group>"; };
		701DBD2F2545AD880057C8D9 /* constants.swift */ = {isa = PBXFileReference; lastKnownFileType = sourcecode.swift; path = constants.swift; sourceTree = "<group>"; };
		701DBD332545B7810057C8D9 /* LoadingView.swift */ = {isa = PBXFileReference; lastKnownFileType = sourcecode.swift; path = LoadingView.swift; sourceTree = "<group>"; };
		706A1515254574B60050C0C8 /* AuthService.swift */ = {isa = PBXFileReference; lastKnownFileType = sourcecode.swift; path = AuthService.swift; sourceTree = "<group>"; };
		706A1518254577690050C0C8 /* UserModel.swift */ = {isa = PBXFileReference; lastKnownFileType = sourcecode.swift; path = UserModel.swift; sourceTree = "<group>"; };
		706A151B25457F350050C0C8 /* NewAccountStep3Controller.swift */ = {isa = PBXFileReference; lastKnownFileType = sourcecode.swift; path = NewAccountStep3Controller.swift; sourceTree = "<group>"; };
		706C5C2E2544816600A2FA96 /* Extensions.swift */ = {isa = PBXFileReference; lastKnownFileType = sourcecode.swift; path = Extensions.swift; sourceTree = "<group>"; };
		706C5C33254481D000A2FA96 /* LoginController.swift */ = {isa = PBXFileReference; lastKnownFileType = sourcecode.swift; path = LoginController.swift; sourceTree = "<group>"; };
		706C5C372544829400A2FA96 /* LocalData.swift */ = {isa = PBXFileReference; lastKnownFileType = sourcecode.swift; path = LocalData.swift; sourceTree = "<group>"; };
		706C5C412544874000A2FA96 /* Utilities.swift */ = {isa = PBXFileReference; lastKnownFileType = sourcecode.swift; path = Utilities.swift; sourceTree = "<group>"; };
		706C5C44254488D300A2FA96 /* TextContainer.swift */ = {isa = PBXFileReference; lastKnownFileType = sourcecode.swift; path = TextContainer.swift; sourceTree = "<group>"; };
		706C5C482544910300A2FA96 /* NewAccountStep1Controller.swift */ = {isa = PBXFileReference; lastKnownFileType = sourcecode.swift; path = NewAccountStep1Controller.swift; sourceTree = "<group>"; };
		7079A3C8254C934C001A18FF /* GoogleService-Info.plist */ = {isa = PBXFileReference; fileEncoding = 4; lastKnownFileType = text.plist.xml; path = "GoogleService-Info.plist"; sourceTree = "<group>"; };
		7079A42C254C96A7001A18FF /* FileService.swift */ = {isa = PBXFileReference; lastKnownFileType = sourcecode.swift; path = FileService.swift; sourceTree = "<group>"; };
		7079A48E254CA557001A18FF /* Root.swift */ = {isa = PBXFileReference; lastKnownFileType = sourcecode.swift; path = Root.swift; sourceTree = "<group>"; };
		7093E8C22545485E00B46B86 /* NewAccountStep2Controller.swift */ = {isa = PBXFileReference; lastKnownFileType = sourcecode.swift; path = NewAccountStep2Controller.swift; sourceTree = "<group>"; };
		70996B6D254D679E001A02D0 /* NotYetPet.swift */ = {isa = PBXFileReference; lastKnownFileType = sourcecode.swift; path = NotYetPet.swift; sourceTree = "<group>"; };
		70B3E464254D4CFB009461A3 /* PresaleOfAnimalsController.swift */ = {isa = PBXFileReference; lastKnownFileType = sourcecode.swift; path = PresaleOfAnimalsController.swift; sourceTree = "<group>"; };
		70B3E468254D4D32009461A3 /* LostAnimalsController.swift */ = {isa = PBXFileReference; lastKnownFileType = sourcecode.swift; path = LostAnimalsController.swift; sourceTree = "<group>"; };
		70B3E46B254D4D65009461A3 /* PetController.swift */ = {isa = PBXFileReference; lastKnownFileType = sourcecode.swift; path = PetController.swift; sourceTree = "<group>"; };
		70B3E46E254D4D9A009461A3 /* ChatController.swift */ = {isa = PBXFileReference; lastKnownFileType = sourcecode.swift; path = ChatController.swift; sourceTree = "<group>"; };
		70B4F93325447CF7005CE631 /* Petmily-ios.app */ = {isa = PBXFileReference; explicitFileType = wrapper.application; includeInIndex = 0; path = "Petmily-ios.app"; sourceTree = BUILT_PRODUCTS_DIR; };
		70B4F93625447CF7005CE631 /* AppDelegate.swift */ = {isa = PBXFileReference; lastKnownFileType = sourcecode.swift; path = AppDelegate.swift; sourceTree = "<group>"; };
		70B4F93825447CF7005CE631 /* SceneDelegate.swift */ = {isa = PBXFileReference; lastKnownFileType = sourcecode.swift; path = SceneDelegate.swift; sourceTree = "<group>"; };
		70B4F93A25447CF7005CE631 /* ViewController.swift */ = {isa = PBXFileReference; lastKnownFileType = sourcecode.swift; path = ViewController.swift; sourceTree = "<group>"; };
		70B4F93D25447CF7005CE631 /* Base */ = {isa = PBXFileReference; lastKnownFileType = file.storyboard; name = Base; path = Base.lproj/Main.storyboard; sourceTree = "<group>"; };
		70B4F93F25447CFA005CE631 /* Assets.xcassets */ = {isa = PBXFileReference; lastKnownFileType = folder.assetcatalog; path = Assets.xcassets; sourceTree = "<group>"; };
		70B4F94225447CFA005CE631 /* Base */ = {isa = PBXFileReference; lastKnownFileType = file.storyboard; name = Base; path = Base.lproj/LaunchScreen.storyboard; sourceTree = "<group>"; };
		70B4F94425447CFA005CE631 /* Info.plist */ = {isa = PBXFileReference; lastKnownFileType = text.plist.xml; path = Info.plist; sourceTree = "<group>"; };
		70B4F94C25447E07005CE631 /* RootController.swift */ = {isa = PBXFileReference; lastKnownFileType = sourcecode.swift; path = RootController.swift; sourceTree = "<group>"; };
		70B4F95125447E57005CE631 /* Properties.swift */ = {isa = PBXFileReference; lastKnownFileType = sourcecode.swift; path = Properties.swift; sourceTree = "<group>"; };
		70DD78F2254DAAB900168C82 /* PetRegisterViewController.swift */ = {isa = PBXFileReference; lastKnownFileType = sourcecode.swift; path = PetRegisterViewController.swift; sourceTree = "<group>"; };
		70DD78F5254DAC0D00168C82 /* TouchableUIImageView.swift */ = {isa = PBXFileReference; lastKnownFileType = sourcecode.swift; path = TouchableUIImageView.swift; sourceTree = "<group>"; };
		70DD78FD254DB85E00168C82 /* ViewMaker.swift */ = {isa = PBXFileReference; lastKnownFileType = sourcecode.swift; path = ViewMaker.swift; sourceTree = "<group>"; };
		70DD7900254DC57100168C82 /* ViewContainerWithImageIconAndUnderline.swift */ = {isa = PBXFileReference; lastKnownFileType = sourcecode.swift; path = ViewContainerWithImageIconAndUnderline.swift; sourceTree = "<group>"; };
		70EE69FD2544B3B500C40970 /* VerificationService.swift */ = {isa = PBXFileReference; lastKnownFileType = sourcecode.swift; path = VerificationService.swift; sourceTree = "<group>"; };
		70EE6A012544B89F00C40970 /* VerificationModel.swift */ = {isa = PBXFileReference; lastKnownFileType = sourcecode.swift; path = VerificationModel.swift; sourceTree = "<group>"; };
		70F248682549BE6500716A93 /* NewAccountStep6Controller.swift */ = {isa = PBXFileReference; lastKnownFileType = sourcecode.swift; path = NewAccountStep6Controller.swift; sourceTree = "<group>"; };
		82EE009CC6F78DAD7E5AE723 /* Pods_Petmily_ios.framework */ = {isa = PBXFileReference; explicitFileType = wrapper.framework; includeInIndex = 0; path = Pods_Petmily_ios.framework; sourceTree = BUILT_PRODUCTS_DIR; };
/* End PBXFileReference section */

/* Begin PBXFrameworksBuildPhase section */
		70B4F93025447CF7005CE631 /* Frameworks */ = {
			isa = PBXFrameworksBuildPhase;
			buildActionMask = 2147483647;
			files = (
				6C6977D7DBFFEA84C7BA54E3 /* Pods_Petmily_ios.framework in Frameworks */,
			);
			runOnlyForDeploymentPostprocessing = 0;
		};
/* End PBXFrameworksBuildPhase section */

/* Begin PBXGroup section */
		5C483FF4591F0003AD71219E /* Pods */ = {
			isa = PBXGroup;
			children = (
				2ADC32B249E1360650B74E62 /* Pods-Petmily-ios.debug.xcconfig */,
				53C6A43F359C423EA4A4FFBA /* Pods-Petmily-ios.release.xcconfig */,
			);
			path = Pods;
			sourceTree = "<group>";
		};
		701DBD2E2545AD780057C8D9 /* Constants */ = {
			isa = PBXGroup;
			children = (
				701DBD2F2545AD880057C8D9 /* constants.swift */,
			);
			path = Constants;
			sourceTree = "<group>";
		};
		706C5C2D2544815900A2FA96 /* Extensions */ = {
			isa = PBXGroup;
			children = (
				706C5C2E2544816600A2FA96 /* Extensions.swift */,
			);
			path = Extensions;
			sourceTree = "<group>";
		};
		706C5C32254481C200A2FA96 /* Authentications */ = {
			isa = PBXGroup;
			children = (
				706C5C33254481D000A2FA96 /* LoginController.swift */,
				706C5C482544910300A2FA96 /* NewAccountStep1Controller.swift */,
				7093E8C22545485E00B46B86 /* NewAccountStep2Controller.swift */,
				706A151B25457F350050C0C8 /* NewAccountStep3Controller.swift */,
				701DBD2825459F9E0057C8D9 /* NewAccountStep4Controller.swift */,
				701DBD2B2545A47B0057C8D9 /* NewAccountStep5Controller.swift */,
				70F248682549BE6500716A93 /* NewAccountStep6Controller.swift */,
			);
			path = Authentications;
			sourceTree = "<group>";
		};
		706C5C362544828B00A2FA96 /* Utils */ = {
			isa = PBXGroup;
			children = (
				706C5C372544829400A2FA96 /* LocalData.swift */,
				706C5C412544874000A2FA96 /* Utilities.swift */,
				7079A48E254CA557001A18FF /* Root.swift */,
				70DD78FD254DB85E00168C82 /* ViewMaker.swift */,
			);
			path = Utils;
			sourceTree = "<group>";
		};
		706C5C3B2544852300A2FA96 /* Views */ = {
			isa = PBXGroup;
			children = (
				706C5C44254488D300A2FA96 /* TextContainer.swift */,
				701DBD332545B7810057C8D9 /* LoadingView.swift */,
				70996B6D254D679E001A02D0 /* NotYetPet.swift */,
				70DD78F5254DAC0D00168C82 /* TouchableUIImageView.swift */,
				70DD7900254DC57100168C82 /* ViewContainerWithImageIconAndUnderline.swift */,
			);
			path = Views;
			sourceTree = "<group>";
		};
		70B3E460254D4CA4009461A3 /* PresaleOfAnimals */ = {
			isa = PBXGroup;
			children = (
				70B3E464254D4CFB009461A3 /* PresaleOfAnimalsController.swift */,
			);
			path = PresaleOfAnimals;
			sourceTree = "<group>";
		};
		70B3E461254D4CBD009461A3 /* LostAnimals */ = {
			isa = PBXGroup;
			children = (
				70B3E468254D4D32009461A3 /* LostAnimalsController.swift */,
			);
			path = LostAnimals;
			sourceTree = "<group>";
		};
		70B3E462254D4CD1009461A3 /* Pet */ = {
			isa = PBXGroup;
			children = (
				70B3E46B254D4D65009461A3 /* PetController.swift */,
				70DD78F2254DAAB900168C82 /* PetRegisterViewController.swift */,
			);
			path = Pet;
			sourceTree = "<group>";
		};
		70B3E463254D4CE3009461A3 /* Chat */ = {
			isa = PBXGroup;
			children = (
				70B3E46E254D4D9A009461A3 /* ChatController.swift */,
			);
			path = Chat;
			sourceTree = "<group>";
		};
		70B4F92A25447CF7005CE631 = {
			isa = PBXGroup;
			children = (
				70B4F93525447CF7005CE631 /* Petmily-ios */,
				70B4F93425447CF7005CE631 /* Products */,
				5C483FF4591F0003AD71219E /* Pods */,
				8225DA44B7AA7B39AA24837F /* Frameworks */,
			);
			sourceTree = "<group>";
		};
		70B4F93425447CF7005CE631 /* Products */ = {
			isa = PBXGroup;
			children = (
				70B4F93325447CF7005CE631 /* Petmily-ios.app */,
			);
			name = Products;
			sourceTree = "<group>";
		};
		70B4F93525447CF7005CE631 /* Petmily-ios */ = {
			isa = PBXGroup;
			children = (
				701DBD2E2545AD780057C8D9 /* Constants */,
				70EE6A002544B89400C40970 /* Models */,
				70EE69FC2544B3A800C40970 /* APIs */,
				706C5C3B2544852300A2FA96 /* Views */,
				706C5C362544828B00A2FA96 /* Utils */,
				706C5C2D2544815900A2FA96 /* Extensions */,
				70B4F95025447E48005CE631 /* Properties */,
				70B4F94B25447DED005CE631 /* Controllers */,
				70B4F93625447CF7005CE631 /* AppDelegate.swift */,
				70B4F93825447CF7005CE631 /* SceneDelegate.swift */,
				70B4F93A25447CF7005CE631 /* ViewController.swift */,
				70B4F93C25447CF7005CE631 /* Main.storyboard */,
				70B4F93F25447CFA005CE631 /* Assets.xcassets */,
				70B4F94125447CFA005CE631 /* LaunchScreen.storyboard */,
				70B4F94425447CFA005CE631 /* Info.plist */,
				7079A3C8254C934C001A18FF /* GoogleService-Info.plist */,
			);
			path = "Petmily-ios";
			sourceTree = "<group>";
		};
		70B4F94B25447DED005CE631 /* Controllers */ = {
			isa = PBXGroup;
			children = (
				70B3E463254D4CE3009461A3 /* Chat */,
				70B3E462254D4CD1009461A3 /* Pet */,
				70B3E461254D4CBD009461A3 /* LostAnimals */,
				70B3E460254D4CA4009461A3 /* PresaleOfAnimals */,
				706C5C32254481C200A2FA96 /* Authentications */,
				70B4F94C25447E07005CE631 /* RootController.swift */,
			);
			path = Controllers;
			sourceTree = "<group>";
		};
		70B4F95025447E48005CE631 /* Properties */ = {
			isa = PBXGroup;
			children = (
				70B4F95125447E57005CE631 /* Properties.swift */,
			);
			path = Properties;
			sourceTree = "<group>";
		};
		70EE69FC2544B3A800C40970 /* APIs */ = {
			isa = PBXGroup;
			children = (
				70EE69FD2544B3B500C40970 /* VerificationService.swift */,
				706A1515254574B60050C0C8 /* AuthService.swift */,
				7079A42C254C96A7001A18FF /* FileService.swift */,
			);
			path = APIs;
			sourceTree = "<group>";
		};
		70EE6A002544B89400C40970 /* Models */ = {
			isa = PBXGroup;
			children = (
				70EE6A012544B89F00C40970 /* VerificationModel.swift */,
				706A1518254577690050C0C8 /* UserModel.swift */,
			);
			path = Models;
			sourceTree = "<group>";
		};
		8225DA44B7AA7B39AA24837F /* Frameworks */ = {
			isa = PBXGroup;
			children = (
				82EE009CC6F78DAD7E5AE723 /* Pods_Petmily_ios.framework */,
			);
			name = Frameworks;
			sourceTree = "<group>";
		};
/* End PBXGroup section */

/* Begin PBXNativeTarget section */
		70B4F93225447CF7005CE631 /* Petmily-ios */ = {
			isa = PBXNativeTarget;
			buildConfigurationList = 70B4F94725447CFA005CE631 /* Build configuration list for PBXNativeTarget "Petmily-ios" */;
			buildPhases = (
				54E3BA84B8C93CF5F0BFFC78 /* [CP] Check Pods Manifest.lock */,
				70B4F92F25447CF7005CE631 /* Sources */,
				70B4F93025447CF7005CE631 /* Frameworks */,
				70B4F93125447CF7005CE631 /* Resources */,
				81F8C2A1EA3FEB0FD4FFABE9 /* [CP] Embed Pods Frameworks */,
			);
			buildRules = (
			);
			dependencies = (
			);
			name = "Petmily-ios";
			productName = "Petmily-ios";
			productReference = 70B4F93325447CF7005CE631 /* Petmily-ios.app */;
			productType = "com.apple.product-type.application";
		};
/* End PBXNativeTarget section */

/* Begin PBXProject section */
		70B4F92B25447CF7005CE631 /* Project object */ = {
			isa = PBXProject;
			attributes = {
				LastSwiftUpdateCheck = 1200;
				LastUpgradeCheck = 1200;
				TargetAttributes = {
					70B4F93225447CF7005CE631 = {
						CreatedOnToolsVersion = 12.0.1;
					};
				};
			};
			buildConfigurationList = 70B4F92E25447CF7005CE631 /* Build configuration list for PBXProject "Petmily-ios" */;
			compatibilityVersion = "Xcode 9.3";
			developmentRegion = en;
			hasScannedForEncodings = 0;
			knownRegions = (
				en,
				Base,
			);
			mainGroup = 70B4F92A25447CF7005CE631;
			productRefGroup = 70B4F93425447CF7005CE631 /* Products */;
			projectDirPath = "";
			projectRoot = "";
			targets = (
				70B4F93225447CF7005CE631 /* Petmily-ios */,
			);
		};
/* End PBXProject section */

/* Begin PBXResourcesBuildPhase section */
		70B4F93125447CF7005CE631 /* Resources */ = {
			isa = PBXResourcesBuildPhase;
			buildActionMask = 2147483647;
			files = (
				70B4F94325447CFA005CE631 /* LaunchScreen.storyboard in Resources */,
				7079A3C9254C934C001A18FF /* GoogleService-Info.plist in Resources */,
				70B4F94025447CFA005CE631 /* Assets.xcassets in Resources */,
				70B4F93E25447CF7005CE631 /* Main.storyboard in Resources */,
			);
			runOnlyForDeploymentPostprocessing = 0;
		};
/* End PBXResourcesBuildPhase section */

/* Begin PBXShellScriptBuildPhase section */
		54E3BA84B8C93CF5F0BFFC78 /* [CP] Check Pods Manifest.lock */ = {
			isa = PBXShellScriptBuildPhase;
			buildActionMask = 2147483647;
			files = (
			);
			inputFileListPaths = (
			);
			inputPaths = (
				"${PODS_PODFILE_DIR_PATH}/Podfile.lock",
				"${PODS_ROOT}/Manifest.lock",
			);
			name = "[CP] Check Pods Manifest.lock";
			outputFileListPaths = (
			);
			outputPaths = (
				"$(DERIVED_FILE_DIR)/Pods-Petmily-ios-checkManifestLockResult.txt",
			);
			runOnlyForDeploymentPostprocessing = 0;
			shellPath = /bin/sh;
			shellScript = "diff \"${PODS_PODFILE_DIR_PATH}/Podfile.lock\" \"${PODS_ROOT}/Manifest.lock\" > /dev/null\nif [ $? != 0 ] ; then\n    # print error to STDERR\n    echo \"error: The sandbox is not in sync with the Podfile.lock. Run 'pod install' or update your CocoaPods installation.\" >&2\n    exit 1\nfi\n# This output is used by Xcode 'outputs' to avoid re-running this script phase.\necho \"SUCCESS\" > \"${SCRIPT_OUTPUT_FILE_0}\"\n";
			showEnvVarsInLog = 0;
		};
		81F8C2A1EA3FEB0FD4FFABE9 /* [CP] Embed Pods Frameworks */ = {
			isa = PBXShellScriptBuildPhase;
			buildActionMask = 2147483647;
			files = (
			);
			inputFileListPaths = (
				"${PODS_ROOT}/Target Support Files/Pods-Petmily-ios/Pods-Petmily-ios-frameworks-${CONFIGURATION}-input-files.xcfilelist",
			);
			name = "[CP] Embed Pods Frameworks";
			outputFileListPaths = (
				"${PODS_ROOT}/Target Support Files/Pods-Petmily-ios/Pods-Petmily-ios-frameworks-${CONFIGURATION}-output-files.xcfilelist",
			);
			runOnlyForDeploymentPostprocessing = 0;
			shellPath = /bin/sh;
			shellScript = "\"${PODS_ROOT}/Target Support Files/Pods-Petmily-ios/Pods-Petmily-ios-frameworks.sh\"\n";
			showEnvVarsInLog = 0;
		};
/* End PBXShellScriptBuildPhase section */

/* Begin PBXSourcesBuildPhase section */
		70B4F92F25447CF7005CE631 /* Sources */ = {
			isa = PBXSourcesBuildPhase;
			buildActionMask = 2147483647;
			files = (
				70B3E469254D4D32009461A3 /* LostAnimalsController.swift in Sources */,
				706C5C45254488D300A2FA96 /* TextContainer.swift in Sources */,
				70EE6A022544B89F00C40970 /* VerificationModel.swift in Sources */,
				706C5C2F2544816600A2FA96 /* Extensions.swift in Sources */,
				7079A48F254CA557001A18FF /* Root.swift in Sources */,
				70B3E465254D4CFB009461A3 /* PresaleOfAnimalsController.swift in Sources */,
				706A151C25457F350050C0C8 /* NewAccountStep3Controller.swift in Sources */,
				70B4F93B25447CF7005CE631 /* ViewController.swift in Sources */,
				70DD78F6254DAC0D00168C82 /* TouchableUIImageView.swift in Sources */,
				70B3E46C254D4D65009461A3 /* PetController.swift in Sources */,
				706A1516254574B60050C0C8 /* AuthService.swift in Sources */,
				70B4F93725447CF7005CE631 /* AppDelegate.swift in Sources */,
				701DBD2925459F9E0057C8D9 /* NewAccountStep4Controller.swift in Sources */,
				7093E8C32545485E00B46B86 /* NewAccountStep2Controller.swift in Sources */,
				70F248692549BE6500716A93 /* NewAccountStep6Controller.swift in Sources */,
				706C5C422544874000A2FA96 /* Utilities.swift in Sources */,
				70DD78F3254DAAB900168C82 /* PetRegisterViewController.swift in Sources */,
				70EE69FE2544B3B500C40970 /* VerificationService.swift in Sources */,
				70B3E46F254D4D9A009461A3 /* ChatController.swift in Sources */,
				70B4F93925447CF7005CE631 /* SceneDelegate.swift in Sources */,
				70996B6E254D679E001A02D0 /* NotYetPet.swift in Sources */,
				70DD78FE254DB85E00168C82 /* ViewMaker.swift in Sources */,
				70B4F95225447E57005CE631 /* Properties.swift in Sources */,
				70B4F94D25447E07005CE631 /* RootController.swift in Sources */,
				706C5C382544829400A2FA96 /* LocalData.swift in Sources */,
				701DBD342545B7810057C8D9 /* LoadingView.swift in Sources */,
				706C5C492544910300A2FA96 /* NewAccountStep1Controller.swift in Sources */,
				701DBD2C2545A47B0057C8D9 /* NewAccountStep5Controller.swift in Sources */,
				70DD7901254DC57100168C82 /* ViewContainerWithImageIconAndUnderline.swift in Sources */,
				706A1519254577690050C0C8 /* UserModel.swift in Sources */,
				706C5C34254481D000A2FA96 /* LoginController.swift in Sources */,
				701DBD302545AD880057C8D9 /* constants.swift in Sources */,
				7079A42D254C96A7001A18FF /* FileService.swift in Sources */,
			);
			runOnlyForDeploymentPostprocessing = 0;
		};
/* End PBXSourcesBuildPhase section */

/* Begin PBXVariantGroup section */
		70B4F93C25447CF7005CE631 /* Main.storyboard */ = {
			isa = PBXVariantGroup;
			children = (
				70B4F93D25447CF7005CE631 /* Base */,
			);
			name = Main.storyboard;
			sourceTree = "<group>";
		};
		70B4F94125447CFA005CE631 /* LaunchScreen.storyboard */ = {
			isa = PBXVariantGroup;
			children = (
				70B4F94225447CFA005CE631 /* Base */,
			);
			name = LaunchScreen.storyboard;
			sourceTree = "<group>";
		};
/* End PBXVariantGroup section */

/* Begin XCBuildConfiguration section */
		70B4F94525447CFA005CE631 /* Debug */ = {
			isa = XCBuildConfiguration;
			buildSettings = {
				ALWAYS_SEARCH_USER_PATHS = NO;
				CLANG_ANALYZER_NONNULL = YES;
				CLANG_ANALYZER_NUMBER_OBJECT_CONVERSION = YES_AGGRESSIVE;
				CLANG_CXX_LANGUAGE_STANDARD = "gnu++14";
				CLANG_CXX_LIBRARY = "libc++";
				CLANG_ENABLE_MODULES = YES;
				CLANG_ENABLE_OBJC_ARC = YES;
				CLANG_ENABLE_OBJC_WEAK = YES;
				CLANG_WARN_BLOCK_CAPTURE_AUTORELEASING = YES;
				CLANG_WARN_BOOL_CONVERSION = YES;
				CLANG_WARN_COMMA = YES;
				CLANG_WARN_CONSTANT_CONVERSION = YES;
				CLANG_WARN_DEPRECATED_OBJC_IMPLEMENTATIONS = YES;
				CLANG_WARN_DIRECT_OBJC_ISA_USAGE = YES_ERROR;
				CLANG_WARN_DOCUMENTATION_COMMENTS = YES;
				CLANG_WARN_EMPTY_BODY = YES;
				CLANG_WARN_ENUM_CONVERSION = YES;
				CLANG_WARN_INFINITE_RECURSION = YES;
				CLANG_WARN_INT_CONVERSION = YES;
				CLANG_WARN_NON_LITERAL_NULL_CONVERSION = YES;
				CLANG_WARN_OBJC_IMPLICIT_RETAIN_SELF = YES;
				CLANG_WARN_OBJC_LITERAL_CONVERSION = YES;
				CLANG_WARN_OBJC_ROOT_CLASS = YES_ERROR;
				CLANG_WARN_QUOTED_INCLUDE_IN_FRAMEWORK_HEADER = YES;
				CLANG_WARN_RANGE_LOOP_ANALYSIS = YES;
				CLANG_WARN_STRICT_PROTOTYPES = YES;
				CLANG_WARN_SUSPICIOUS_MOVE = YES;
				CLANG_WARN_UNGUARDED_AVAILABILITY = YES_AGGRESSIVE;
				CLANG_WARN_UNREACHABLE_CODE = YES;
				CLANG_WARN__DUPLICATE_METHOD_MATCH = YES;
				COPY_PHASE_STRIP = NO;
				DEBUG_INFORMATION_FORMAT = dwarf;
				ENABLE_STRICT_OBJC_MSGSEND = YES;
				ENABLE_TESTABILITY = YES;
				GCC_C_LANGUAGE_STANDARD = gnu11;
				GCC_DYNAMIC_NO_PIC = NO;
				GCC_NO_COMMON_BLOCKS = YES;
				GCC_OPTIMIZATION_LEVEL = 0;
				GCC_PREPROCESSOR_DEFINITIONS = (
					"DEBUG=1",
					"$(inherited)",
				);
				GCC_WARN_64_TO_32_BIT_CONVERSION = YES;
				GCC_WARN_ABOUT_RETURN_TYPE = YES_ERROR;
				GCC_WARN_UNDECLARED_SELECTOR = YES;
				GCC_WARN_UNINITIALIZED_AUTOS = YES_AGGRESSIVE;
				GCC_WARN_UNUSED_FUNCTION = YES;
				GCC_WARN_UNUSED_VARIABLE = YES;
				IPHONEOS_DEPLOYMENT_TARGET = 14.0;
				MTL_ENABLE_DEBUG_INFO = INCLUDE_SOURCE;
				MTL_FAST_MATH = YES;
				ONLY_ACTIVE_ARCH = YES;
				SDKROOT = iphoneos;
				SWIFT_ACTIVE_COMPILATION_CONDITIONS = DEBUG;
				SWIFT_OPTIMIZATION_LEVEL = "-Onone";
			};
			name = Debug;
		};
		70B4F94625447CFA005CE631 /* Release */ = {
			isa = XCBuildConfiguration;
			buildSettings = {
				ALWAYS_SEARCH_USER_PATHS = NO;
				CLANG_ANALYZER_NONNULL = YES;
				CLANG_ANALYZER_NUMBER_OBJECT_CONVERSION = YES_AGGRESSIVE;
				CLANG_CXX_LANGUAGE_STANDARD = "gnu++14";
				CLANG_CXX_LIBRARY = "libc++";
				CLANG_ENABLE_MODULES = YES;
				CLANG_ENABLE_OBJC_ARC = YES;
				CLANG_ENABLE_OBJC_WEAK = YES;
				CLANG_WARN_BLOCK_CAPTURE_AUTORELEASING = YES;
				CLANG_WARN_BOOL_CONVERSION = YES;
				CLANG_WARN_COMMA = YES;
				CLANG_WARN_CONSTANT_CONVERSION = YES;
				CLANG_WARN_DEPRECATED_OBJC_IMPLEMENTATIONS = YES;
				CLANG_WARN_DIRECT_OBJC_ISA_USAGE = YES_ERROR;
				CLANG_WARN_DOCUMENTATION_COMMENTS = YES;
				CLANG_WARN_EMPTY_BODY = YES;
				CLANG_WARN_ENUM_CONVERSION = YES;
				CLANG_WARN_INFINITE_RECURSION = YES;
				CLANG_WARN_INT_CONVERSION = YES;
				CLANG_WARN_NON_LITERAL_NULL_CONVERSION = YES;
				CLANG_WARN_OBJC_IMPLICIT_RETAIN_SELF = YES;
				CLANG_WARN_OBJC_LITERAL_CONVERSION = YES;
				CLANG_WARN_OBJC_ROOT_CLASS = YES_ERROR;
				CLANG_WARN_QUOTED_INCLUDE_IN_FRAMEWORK_HEADER = YES;
				CLANG_WARN_RANGE_LOOP_ANALYSIS = YES;
				CLANG_WARN_STRICT_PROTOTYPES = YES;
				CLANG_WARN_SUSPICIOUS_MOVE = YES;
				CLANG_WARN_UNGUARDED_AVAILABILITY = YES_AGGRESSIVE;
				CLANG_WARN_UNREACHABLE_CODE = YES;
				CLANG_WARN__DUPLICATE_METHOD_MATCH = YES;
				COPY_PHASE_STRIP = NO;
				DEBUG_INFORMATION_FORMAT = "dwarf-with-dsym";
				ENABLE_NS_ASSERTIONS = NO;
				ENABLE_STRICT_OBJC_MSGSEND = YES;
				GCC_C_LANGUAGE_STANDARD = gnu11;
				GCC_NO_COMMON_BLOCKS = YES;
				GCC_WARN_64_TO_32_BIT_CONVERSION = YES;
				GCC_WARN_ABOUT_RETURN_TYPE = YES_ERROR;
				GCC_WARN_UNDECLARED_SELECTOR = YES;
				GCC_WARN_UNINITIALIZED_AUTOS = YES_AGGRESSIVE;
				GCC_WARN_UNUSED_FUNCTION = YES;
				GCC_WARN_UNUSED_VARIABLE = YES;
				IPHONEOS_DEPLOYMENT_TARGET = 14.0;
				MTL_ENABLE_DEBUG_INFO = NO;
				MTL_FAST_MATH = YES;
				SDKROOT = iphoneos;
				SWIFT_COMPILATION_MODE = wholemodule;
				SWIFT_OPTIMIZATION_LEVEL = "-O";
				VALIDATE_PRODUCT = YES;
			};
			name = Release;
		};
		70B4F94825447CFA005CE631 /* Debug */ = {
			isa = XCBuildConfiguration;
			baseConfigurationReference = 2ADC32B249E1360650B74E62 /* Pods-Petmily-ios.debug.xcconfig */;
			buildSettings = {
				ASSETCATALOG_COMPILER_APPICON_NAME = AppIcon;
				ASSETCATALOG_COMPILER_GLOBAL_ACCENT_COLOR_NAME = AccentColor;
				CODE_SIGN_STYLE = Automatic;
				DEVELOPMENT_TEAM = YV58Q28W8Z;
				INFOPLIST_FILE = "Petmily-ios/Info.plist";
				LD_RUNPATH_SEARCH_PATHS = (
					"$(inherited)",
					"@executable_path/Frameworks",
				);
				PRODUCT_BUNDLE_IDENTIFIER = "com.petmily.Petmily-ios";
				PRODUCT_NAME = "$(TARGET_NAME)";
				SWIFT_VERSION = 5.0;
				TARGETED_DEVICE_FAMILY = "1,2";
			};
			name = Debug;
		};
		70B4F94925447CFA005CE631 /* Release */ = {
			isa = XCBuildConfiguration;
			baseConfigurationReference = 53C6A43F359C423EA4A4FFBA /* Pods-Petmily-ios.release.xcconfig */;
			buildSettings = {
				ASSETCATALOG_COMPILER_APPICON_NAME = AppIcon;
				ASSETCATALOG_COMPILER_GLOBAL_ACCENT_COLOR_NAME = AccentColor;
				CODE_SIGN_STYLE = Automatic;
				DEVELOPMENT_TEAM = YV58Q28W8Z;
				INFOPLIST_FILE = "Petmily-ios/Info.plist";
				LD_RUNPATH_SEARCH_PATHS = (
					"$(inherited)",
					"@executable_path/Frameworks",
				);
				PRODUCT_BUNDLE_IDENTIFIER = "com.petmily.Petmily-ios";
				PRODUCT_NAME = "$(TARGET_NAME)";
				SWIFT_VERSION = 5.0;
				TARGETED_DEVICE_FAMILY = "1,2";
			};
			name = Release;
		};
/* End XCBuildConfiguration section */

/* Begin XCConfigurationList section */
		70B4F92E25447CF7005CE631 /* Build configuration list for PBXProject "Petmily-ios" */ = {
			isa = XCConfigurationList;
			buildConfigurations = (
				70B4F94525447CFA005CE631 /* Debug */,
				70B4F94625447CFA005CE631 /* Release */,
			);
			defaultConfigurationIsVisible = 0;
			defaultConfigurationName = Release;
		};
		70B4F94725447CFA005CE631 /* Build configuration list for PBXNativeTarget "Petmily-ios" */ = {
			isa = XCConfigurationList;
			buildConfigurations = (
				70B4F94825447CFA005CE631 /* Debug */,
				70B4F94925447CFA005CE631 /* Release */,
			);
			defaultConfigurationIsVisible = 0;
			defaultConfigurationName = Release;
		};
/* End XCConfigurationList section */
	};
	rootObject = 70B4F92B25447CF7005CE631 /* Project object */;
}
